{
  "nodes": {
    "flakeNimbleLib": {
      "inputs": {
        "nixpkgs": [
          "nixpkgs"
        ]
      },
      "locked": {
        "lastModified": 1648105061,
        "narHash": "sha256-Je25qNlH4xrH3+m6vIq6yPvdfQ80FRTwX4JOhrRLduc=",
        "owner": "riinr",
        "repo": "nim-flakes-lib",
        "rev": "f1ec5e2f15b9f717c33b6942ce7cb344ff868522",
        "type": "github"
      },
      "original": {
        "owner": "riinr",
        "ref": "master",
        "repo": "nim-flakes-lib",
        "type": "github"
      }
    },
    "nixpkgs": {
      "locked": {
        "narHash": "sha256-7sWpWRO0IsBP5jm9qCrpuzDkWC7UAghiCmZZ+1uqHKo=",
        "path": "/nix/store/q2jrkx5a3z6yxzbfai0kxpnqki80jm3l-source",
        "type": "path"
      },
      "original": {
        "id": "nixpkgs",
        "type": "indirect"
      }
    },
    "root": {
      "inputs": {
        "flakeNimbleLib": "flakeNimbleLib",
        "nixpkgs": "nixpkgs",
        "sdnotify-master": "sdnotify-master"
      }
    },
    "sdnotify-master": {
      "inputs": {
        "flakeNimbleLib": [
          "flakeNimbleLib"
        ],
        "nixpkgs": [
          "nixpkgs"
        ],
        "src-sdnotify-master": "src-sdnotify-master"
      },
      "locked": {
        "dir": "master",
        "lastModified": 1652797689,
        "narHash": "sha256-xriMWdM9oc+7rFyy8XtrO3zSTfG8Z5lNgIedIG73OKk=",
        "owner": "nim-nix-pkgs",
        "repo": "sdnotify",
        "rev": "59c9a9f8b9779b4232c3b415c8f2fb1bf478d2fb",
        "type": "github"
      },
      "original": {
        "dir": "master",
        "owner": "nim-nix-pkgs",
        "ref": "master",
        "repo": "sdnotify",
        "type": "github"
      }
    },
    "src-sdnotify-master": {
      "flake": false,
      "locked": {
        "lastModified": 1485123370,
        "narHash": "sha256-sHRuP228m7ZuqbwFR0FtO0X/qBNOsuk3mkZoyVJbh0Y=",
        "owner": "FedericoCeratto",
        "repo": "nim-sdnotify",
        "rev": "e1e6861f88a4546db640f5fc88572ccdb933f794",
        "type": "github"
      },
      "original": {
        "owner": "FedericoCeratto",
        "ref": "refs/heads/master",
        "repo": "nim-sdnotify",
        "type": "github"
      }
    }
  },
  "root": "root",
  "version": 7
}
